{
  "name": "boat",
  "version": "1.0.0",
  "lockfileVersion": 1,
  "requires": true,
  "dependencies": {
    "random-location": {
      "version": "1.0.12",
      "resolved": "https://registry.npmjs.org/random-location/-/random-location-1.0.12.tgz",
      "integrity": "sha512-o/ZIni1zWl1JrRoc269c+n8myuGXqzsUs/V7udkuzmX1GwIxokKck75oazEul/2F/ptQM2WEzDhHNMuejLBXhg=="
    }
  }
}
